
Microsoft Visual Studio Solution File, Format Version 12.00
# Visual Studio 15
VisualStudioVersion = 15.0.26430.16
MinimumVisualStudioVersion = 10.0.40219.1
Project("{FAE04EC0-301F-11D3-BF4B-00C04F79EFBC}") = "AiDollar.Infrastructure", "Infrastructure\AiDollar.Infrastructure.csproj", "{02AF1602-3B71-4127-AAA3-FA22EE832C78}"
EndProject
Project("{FAE04EC0-301F-11D3-BF4B-00C04F79EFBC}") = "AiDollar.Gateway", "AiDollar.Gateway\AiDollar.Gateway.csproj", "{12E78FCA-D1E1-4332-8B39-6F1B7C72ECF1}"
EndProject
Project("{FAE04EC0-301F-11D3-BF4B-00C04F79EFBC}") = "AiDollar.ApiGateway", "ApiGateway\AiDollar.ApiGateway.csproj", "{1317EA69-AB62-4033-B4C3-3997C0A546AD}"
EndProject
Global
	GlobalSection(SolutionConfigurationPlatforms) = preSolution
		Debug|Any CPU = Debug|Any CPU
		Dev|Any CPU = Dev|Any CPU
		Prod|Any CPU = Prod|Any CPU
		Release|Any CPU = Release|Any CPU
	EndGlobalSection
	GlobalSection(ProjectConfigurationPlatforms) = postSolution
		{02AF1602-3B71-4127-AAA3-FA22EE832C78}.Debug|Any CPU.ActiveCfg = Debug|Any CPU
		{02AF1602-3B71-4127-AAA3-FA22EE832C78}.Debug|Any CPU.Build.0 = Debug|Any CPU
		{02AF1602-3B71-4127-AAA3-FA22EE832C78}.Dev|Any CPU.ActiveCfg = Dev|Any CPU
		{02AF1602-3B71-4127-AAA3-FA22EE832C78}.Dev|Any CPU.Build.0 = Dev|Any CPU
		{02AF1602-3B71-4127-AAA3-FA22EE832C78}.Prod|Any CPU.ActiveCfg = Prod|Any CPU
		{02AF1602-3B71-4127-AAA3-FA22EE832C78}.Prod|Any CPU.Build.0 = Prod|Any CPU
		{02AF1602-3B71-4127-AAA3-FA22EE832C78}.Release|Any CPU.ActiveCfg = Release|Any CPU
		{02AF1602-3B71-4127-AAA3-FA22EE832C78}.Release|Any CPU.Build.0 = Release|Any CPU
		{12E78FCA-D1E1-4332-8B39-6F1B7C72ECF1}.Debug|Any CPU.ActiveCfg = Debug|Any CPU
		{12E78FCA-D1E1-4332-8B39-6F1B7C72ECF1}.Debug|Any CPU.Build.0 = Debug|Any CPU
		{12E78FCA-D1E1-4332-8B39-6F1B7C72ECF1}.Dev|Any CPU.ActiveCfg = Debug|Any CPU
		{12E78FCA-D1E1-4332-8B39-6F1B7C72ECF1}.Dev|Any CPU.Build.0 = Debug|Any CPU
		{12E78FCA-D1E1-4332-8B39-6F1B7C72ECF1}.Prod|Any CPU.ActiveCfg = Release|Any CPU
		{12E78FCA-D1E1-4332-8B39-6F1B7C72ECF1}.Prod|Any CPU.Build.0 = Release|Any CPU
		{12E78FCA-D1E1-4332-8B39-6F1B7C72ECF1}.Release|Any CPU.ActiveCfg = Release|Any CPU
		{12E78FCA-D1E1-4332-8B39-6F1B7C72ECF1}.Release|Any CPU.Build.0 = Release|Any CPU
		{1317EA69-AB62-4033-B4C3-3997C0A546AD}.Debug|Any CPU.ActiveCfg = Debug|Any CPU
		{1317EA69-AB62-4033-B4C3-3997C0A546AD}.Debug|Any CPU.Build.0 = Debug|Any CPU
		{1317EA69-AB62-4033-B4C3-3997C0A546AD}.Dev|Any CPU.ActiveCfg = Dev|Any CPU
		{1317EA69-AB62-4033-B4C3-3997C0A546AD}.Dev|Any CPU.Build.0 = Dev|Any CPU
		{1317EA69-AB62-4033-B4C3-3997C0A546AD}.Prod|Any CPU.ActiveCfg = Prod|Any CPU
		{1317EA69-AB62-4033-B4C3-3997C0A546AD}.Prod|Any CPU.Build.0 = Prod|Any CPU
		{1317EA69-AB62-4033-B4C3-3997C0A546AD}.Release|Any CPU.ActiveCfg = Release|Any CPU
		{1317EA69-AB62-4033-B4C3-3997C0A546AD}.Release|Any CPU.Build.0 = Release|Any CPU
	EndGlobalSection
	GlobalSection(SolutionProperties) = preSolution
		HideSolutionNode = FALSE
	EndGlobalSection
EndGlobal
